
Microsoft Visual Studio Solution File, Format Version 12.00
# Visual Studio 15
VisualStudioVersion = 15.0.26621.2
MinimumVisualStudioVersion = 10.0.40219.1
Project("{2150E333-8FDC-42A3-9474-1A3956D46DE8}") = "src", "src", "{3BE8C2DA-3B64-40D5-ABBA-64C60CA7B36F}"
EndProject
Project("{FAE04EC0-301F-11D3-BF4B-00C04F79EFBC}") = "os.FileParser.Common", "src\os.FileParser.Common\os.FileParser.Common.csproj", "{9E654959-46C3-4EC4-B0F1-DC8B597CB5F5}"
EndProject
Project("{FAE04EC0-301F-11D3-BF4B-00C04F79EFBC}") = "os.FileParser.Api", "src\os.FileParser.Api\os.FileParser.Api.csproj", "{3B673868-5B94-4CD7-AB7E-F387343F2071}"
EndProject
Project("{E24C65DC-7377-472B-9ABA-BC803B73C61A}") = "os.FileParser.Web", "src\os.FileParser.Web\", "{B4D4BD18-03CC-4F7D-8FA6-6A52C698FDF1}"
	ProjectSection(WebsiteProperties) = preProject
		TargetFrameworkMoniker = ".NETFramework,Version%3Dv4.0"
		Debug.AspNetCompiler.VirtualPath = "/localhost_49244"
		Debug.AspNetCompiler.PhysicalPath = "src\os.FileParser.Web\"
		Debug.AspNetCompiler.TargetPath = "PrecompiledWeb\localhost_49244\"
		Debug.AspNetCompiler.Updateable = "true"
		Debug.AspNetCompiler.ForceOverwrite = "true"
		Debug.AspNetCompiler.FixedNames = "false"
		Debug.AspNetCompiler.Debug = "True"
		Release.AspNetCompiler.VirtualPath = "/localhost_49244"
		Release.AspNetCompiler.PhysicalPath = "src\os.FileParser.Web\"
		Release.AspNetCompiler.TargetPath = "PrecompiledWeb\localhost_49244\"
		Release.AspNetCompiler.Updateable = "true"
		Release.AspNetCompiler.ForceOverwrite = "true"
		Release.AspNetCompiler.FixedNames = "false"
		Release.AspNetCompiler.Debug = "False"
		VWDPort = "49244"
		SlnRelativePath = "src\os.FileParser.Web\"
	EndProjectSection
EndProject
Project("{FAE04EC0-301F-11D3-BF4B-00C04F79EFBC}") = "os.FileParser.Test", "test\os.FileParser.Test\os.FileParser.Test.csproj", "{65014462-8C1C-4D5E-B902-61958C259910}"
EndProject
Project("{2150E333-8FDC-42A3-9474-1A3956D46DE8}") = "test", "test", "{C3CFCF44-3BA7-480F-906E-BA0127DE6C29}"
EndProject
Global
	GlobalSection(SolutionConfigurationPlatforms) = preSolution
		Debug|Any CPU = Debug|Any CPU
		Release|Any CPU = Release|Any CPU
	EndGlobalSection
	GlobalSection(ProjectConfigurationPlatforms) = postSolution
		{9E654959-46C3-4EC4-B0F1-DC8B597CB5F5}.Debug|Any CPU.ActiveCfg = Debug|Any CPU
		{9E654959-46C3-4EC4-B0F1-DC8B597CB5F5}.Debug|Any CPU.Build.0 = Debug|Any CPU
		{9E654959-46C3-4EC4-B0F1-DC8B597CB5F5}.Release|Any CPU.ActiveCfg = Release|Any CPU
		{9E654959-46C3-4EC4-B0F1-DC8B597CB5F5}.Release|Any CPU.Build.0 = Release|Any CPU
		{3B673868-5B94-4CD7-AB7E-F387343F2071}.Debug|Any CPU.ActiveCfg = Debug|Any CPU
		{3B673868-5B94-4CD7-AB7E-F387343F2071}.Debug|Any CPU.Build.0 = Debug|Any CPU
		{3B673868-5B94-4CD7-AB7E-F387343F2071}.Release|Any CPU.ActiveCfg = Release|Any CPU
		{3B673868-5B94-4CD7-AB7E-F387343F2071}.Release|Any CPU.Build.0 = Release|Any CPU
		{B4D4BD18-03CC-4F7D-8FA6-6A52C698FDF1}.Debug|Any CPU.ActiveCfg = Debug|Any CPU
		{B4D4BD18-03CC-4F7D-8FA6-6A52C698FDF1}.Debug|Any CPU.Build.0 = Debug|Any CPU
		{B4D4BD18-03CC-4F7D-8FA6-6A52C698FDF1}.Release|Any CPU.ActiveCfg = Debug|Any CPU
		{B4D4BD18-03CC-4F7D-8FA6-6A52C698FDF1}.Release|Any CPU.Build.0 = Debug|Any CPU
		{65014462-8C1C-4D5E-B902-61958C259910}.Debug|Any CPU.ActiveCfg = Debug|Any CPU
		{65014462-8C1C-4D5E-B902-61958C259910}.Debug|Any CPU.Build.0 = Debug|Any CPU
		{65014462-8C1C-4D5E-B902-61958C259910}.Release|Any CPU.ActiveCfg = Release|Any CPU
		{65014462-8C1C-4D5E-B902-61958C259910}.Release|Any CPU.Build.0 = Release|Any CPU
	EndGlobalSection
	GlobalSection(SolutionProperties) = preSolution
		HideSolutionNode = FALSE
	EndGlobalSection
	GlobalSection(NestedProjects) = preSolution
		{9E654959-46C3-4EC4-B0F1-DC8B597CB5F5} = {3BE8C2DA-3B64-40D5-ABBA-64C60CA7B36F}
		{3B673868-5B94-4CD7-AB7E-F387343F2071} = {3BE8C2DA-3B64-40D5-ABBA-64C60CA7B36F}
		{B4D4BD18-03CC-4F7D-8FA6-6A52C698FDF1} = {3BE8C2DA-3B64-40D5-ABBA-64C60CA7B36F}
		{65014462-8C1C-4D5E-B902-61958C259910} = {C3CFCF44-3BA7-480F-906E-BA0127DE6C29}
	EndGlobalSection
	GlobalSection(ExtensibilityGlobals) = postSolution
		SolutionGuid = {CD478392-68B0-4188-BE92-8730B42AB5F4}
	EndGlobalSection
EndGlobal
